
Microsoft Visual Studio Solution File, Format Version 12.00
# Visual Studio Version 17
VisualStudioVersion = 17.7.34202.233
MinimumVisualStudioVersion = 10.0.40219.1
Project("{FAE04EC0-301F-11D3-BF4B-00C04F79EFBC}") = "Orders.WebAPI", "Orders.WebAPI\Orders.WebAPI.csproj", "{EFCC92A8-1CD4-4DDE-8668-54DF6962ECCF}"
EndProject
Global
	GlobalSection(SolutionConfigurationPlatforms) = preSolution
		Debug|Any CPU = Debug|Any CPU
		Release|Any CPU = Release|Any CPU
	EndGlobalSection
	GlobalSection(ProjectConfigurationPlatforms) = postSolution
		{EFCC92A8-1CD4-4DDE-8668-54DF6962ECCF}.Debug|Any CPU.ActiveCfg = Debug|Any CPU
		{EFCC92A8-1CD4-4DDE-8668-54DF6962ECCF}.Debug|Any CPU.Build.0 = Debug|Any CPU
		{EFCC92A8-1CD4-4DDE-8668-54DF6962ECCF}.Release|Any CPU.ActiveCfg = Release|Any CPU
		{EFCC92A8-1CD4-4DDE-8668-54DF6962ECCF}.Release|Any CPU.Build.0 = Release|Any CPU
	EndGlobalSection
	GlobalSection(SolutionProperties) = preSolution
		HideSolutionNode = FALSE
	EndGlobalSection
	GlobalSection(ExtensibilityGlobals) = postSolution
		SolutionGuid = {284FF021-2D96-4D40-8A21-433576276F1A}
	EndGlobalSection
EndGlobal
